{
  "name": "slide-learning",
  "version": "1.0.0",
  "lockfileVersion": 3,
  "requires": true,
  "packages": {
    "": {
      "name": "slide-learning",
      "version": "1.0.0",
      "license": "ISC",
      "dependencies": {
        "reveal": "^0.0.4",
        "reveal.js": "^4.4.0"
      }
    },
    "node_modules/reveal": {
      "version": "0.0.4",
      "resolved": "https://registry.npmjs.org/reveal/-/reveal-0.0.4.tgz",
      "integrity": "sha512-l7XnI6H9kyFL5AdVqrl6E0Np6PkCDfZk4FkiumXFqFuGSB60gNl8UBo6ftG3f0rqx29FyyuNyoEtASjhiWMwcA=="
    },
    "node_modules/reveal.js": {
      "version": "4.4.0",
      "resolved": "https://registry.npmjs.org/reveal.js/-/reveal.js-4.4.0.tgz",
      "integrity": "sha512-jIV6C9V2NEUjGzU8L6dUFGpk1KJmq7/EzP2fOW67ggc2c0Cp/PdprWxZ9Qgp46F0T2ZWDCjQ1p3Ytzy5jA6a2w==",
      "engines": {
        "node": ">=10.0.0"
      }
    }
  }
}
